
Microsoft Visual Studio Solution File, Format Version 12.00
# Visual Studio Version 17
VisualStudioVersion = 17.4.33103.184
MinimumVisualStudioVersion = 10.0.40219.1
Project("{9A19103F-16F7-4668-BE54-9A1E7A4F7556}") = "LineApiWrapper", "LineApiWrapper\LineApiWrapper.csproj", "{917E91E4-8300-4748-BCFC-3B738F413769}"
EndProject
Project("{9A19103F-16F7-4668-BE54-9A1E7A4F7556}") = "LineApiWrapperTests", "LineWrapperApiTests\LineApiWrapperTests.csproj", "{C0A051B0-8A11-402E-BCA3-1EE13C97AE61}"
EndProject
Project("{2150E333-8FDC-42A3-9474-1A3956D46DE8}") = "Solution Items", "Solution Items", "{16916BB1-7E0A-4ACC-AB3B-EDC49842656C}"
	ProjectSection(SolutionItems) = preProject
		.editorconfig = .editorconfig
	EndProjectSection
EndProject
Global
	GlobalSection(SolutionConfigurationPlatforms) = preSolution
		Debug|Any CPU = Debug|Any CPU
		Release|Any CPU = Release|Any CPU
	EndGlobalSection
	GlobalSection(ProjectConfigurationPlatforms) = postSolution
		{917E91E4-8300-4748-BCFC-3B738F413769}.Debug|Any CPU.ActiveCfg = Debug|Any CPU
		{917E91E4-8300-4748-BCFC-3B738F413769}.Debug|Any CPU.Build.0 = Debug|Any CPU
		{917E91E4-8300-4748-BCFC-3B738F413769}.Release|Any CPU.ActiveCfg = Release|Any CPU
		{917E91E4-8300-4748-BCFC-3B738F413769}.Release|Any CPU.Build.0 = Release|Any CPU
		{9903A7D7-3AFF-45A5-9695-26ED48A17567}.Debug|Any CPU.ActiveCfg = Debug|Any CPU
		{9903A7D7-3AFF-45A5-9695-26ED48A17567}.Debug|Any CPU.Build.0 = Debug|Any CPU
		{9903A7D7-3AFF-45A5-9695-26ED48A17567}.Release|Any CPU.ActiveCfg = Release|Any CPU
		{9903A7D7-3AFF-45A5-9695-26ED48A17567}.Release|Any CPU.Build.0 = Release|Any CPU
		{C0A051B0-8A11-402E-BCA3-1EE13C97AE61}.Debug|Any CPU.ActiveCfg = Debug|Any CPU
		{C0A051B0-8A11-402E-BCA3-1EE13C97AE61}.Debug|Any CPU.Build.0 = Debug|Any CPU
		{C0A051B0-8A11-402E-BCA3-1EE13C97AE61}.Release|Any CPU.ActiveCfg = Release|Any CPU
		{C0A051B0-8A11-402E-BCA3-1EE13C97AE61}.Release|Any CPU.Build.0 = Release|Any CPU
	EndGlobalSection
	GlobalSection(SolutionProperties) = preSolution
		HideSolutionNode = FALSE
	EndGlobalSection
	GlobalSection(ExtensibilityGlobals) = postSolution
		SolutionGuid = {6DEBEF20-BA2F-479E-B677-EE4CF6F12B77}
	EndGlobalSection
EndGlobal
